
Microsoft Visual Studio Solution File, Format Version 12.00
# Visual Studio Version 16
VisualStudioVersion = 16.0.29519.87
MinimumVisualStudioVersion = 10.0.40219.1
Project("{FAE04EC0-301F-11D3-BF4B-00C04F79EFBC}") = "ObserverPattern", "ObserverPattern\ObserverPattern.csproj", "{89EDB868-5503-4CAC-84D7-9FA9E4C1D29C}"
EndProject
Global
	GlobalSection(SolutionConfigurationPlatforms) = preSolution
		Debug|Any CPU = Debug|Any CPU
		Release|Any CPU = Release|Any CPU
	EndGlobalSection
	GlobalSection(ProjectConfigurationPlatforms) = postSolution
		{89EDB868-5503-4CAC-84D7-9FA9E4C1D29C}.Debug|Any CPU.ActiveCfg = Debug|Any CPU
		{89EDB868-5503-4CAC-84D7-9FA9E4C1D29C}.Debug|Any CPU.Build.0 = Debug|Any CPU
		{89EDB868-5503-4CAC-84D7-9FA9E4C1D29C}.Release|Any CPU.ActiveCfg = Release|Any CPU
		{89EDB868-5503-4CAC-84D7-9FA9E4C1D29C}.Release|Any CPU.Build.0 = Release|Any CPU
	EndGlobalSection
	GlobalSection(SolutionProperties) = preSolution
		HideSolutionNode = FALSE
	EndGlobalSection
	GlobalSection(ExtensibilityGlobals) = postSolution
		SolutionGuid = {D7AA7A09-35D2-4220-9F24-1406E62F2A21}
	EndGlobalSection
EndGlobal
